
Microsoft Visual Studio Solution File, Format Version 12.00
# Visual Studio Version 17
VisualStudioVersion = 17.5.33414.496
MinimumVisualStudioVersion = 10.0.40219.1
Project("{FAE04EC0-301F-11D3-BF4B-00C04F79EFBC}") = "MoodAnalyser", "MoodAnalyser.csproj", "{B79608C0-9433-4DB6-981D-E83C6E41B8DE}"
EndProject
Global
	GlobalSection(SolutionConfigurationPlatforms) = preSolution
		Debug|Any CPU = Debug|Any CPU
		Release|Any CPU = Release|Any CPU
	EndGlobalSection
	GlobalSection(ProjectConfigurationPlatforms) = postSolution
		{B79608C0-9433-4DB6-981D-E83C6E41B8DE}.Debug|Any CPU.ActiveCfg = Debug|Any CPU
		{B79608C0-9433-4DB6-981D-E83C6E41B8DE}.Debug|Any CPU.Build.0 = Debug|Any CPU
		{B79608C0-9433-4DB6-981D-E83C6E41B8DE}.Release|Any CPU.ActiveCfg = Release|Any CPU
		{B79608C0-9433-4DB6-981D-E83C6E41B8DE}.Release|Any CPU.Build.0 = Release|Any CPU
	EndGlobalSection
	GlobalSection(SolutionProperties) = preSolution
		HideSolutionNode = FALSE
	EndGlobalSection
	GlobalSection(ExtensibilityGlobals) = postSolution
		SolutionGuid = {ED529E8C-FC3F-4EDD-B9A0-54DB754E5374}
	EndGlobalSection
EndGlobal
